
Microsoft Visual Studio Solution File, Format Version 12.00
# Visual Studio Version 17
VisualStudioVersion = 17.11.35431.28
MinimumVisualStudioVersion = 10.0.40219.1
Project("{FAE04EC0-301F-11D3-BF4B-00C04F79EFBC}") = "PowerQuality", "PowerQuality\PowerQuality.csproj", "{C628566C-690B-424B-8789-2AB6EAABC3C5}"
EndProject
Global
	GlobalSection(SolutionConfigurationPlatforms) = preSolution
		Debug|Any CPU = Debug|Any CPU
		Release|Any CPU = Release|Any CPU
	EndGlobalSection
	GlobalSection(ProjectConfigurationPlatforms) = postSolution
		{C628566C-690B-424B-8789-2AB6EAABC3C5}.Debug|Any CPU.ActiveCfg = Debug|Any CPU
		{C628566C-690B-424B-8789-2AB6EAABC3C5}.Debug|Any CPU.Build.0 = Debug|Any CPU
		{C628566C-690B-424B-8789-2AB6EAABC3C5}.Release|Any CPU.ActiveCfg = Release|Any CPU
		{C628566C-690B-424B-8789-2AB6EAABC3C5}.Release|Any CPU.Build.0 = Release|Any CPU
	EndGlobalSection
	GlobalSection(SolutionProperties) = preSolution
		HideSolutionNode = FALSE
	EndGlobalSection
	GlobalSection(ExtensibilityGlobals) = postSolution
		SolutionGuid = {575646A7-03ED-42CA-922A-F0E409FA04A3}
	EndGlobalSection
EndGlobal
